// !$*UTF8*$!
{
	archiveVersion = 1;
	classes = {
	};
	objectVersion = 54;
	objects = {

/* Begin PBXBuildFile section */
		00E356F31AD99517003FC87E /* royal_cloud_33498Tests.m in Sources */ = {isa = PBXBuildFile; fileRef = 00E356F21AD99517003FC87E /* royal_cloud_33498Tests.m */; };
		032A1CD1B4494D709C88C039 /* Raleway-SemiBold.ttf in Resources */ = {isa = PBXBuildFile; fileRef = F7779BE2757F40818312E8AE /* Raleway-SemiBold.ttf */; };
		13B07FBC1A68108700A75B9A /* AppDelegate.m in Sources */ = {isa = PBXBuildFile; fileRef = 13B07FB01A68108700A75B9A /* AppDelegate.m */; };
		13B07FBF1A68108700A75B9A /* Images.xcassets in Resources */ = {isa = PBXBuildFile; fileRef = 13B07FB51A68108700A75B9A /* Images.xcassets */; };
		13B07FC11A68108700A75B9A /* main.m in Sources */ = {isa = PBXBuildFile; fileRef = 13B07FB71A68108700A75B9A /* main.m */; };
		1661E6694BA84BE488AC8D90 /* DarkerGrotesque-Regular.ttf in Resources */ = {isa = PBXBuildFile; fileRef = 9A78CB4AFB6C425687768C9A /* DarkerGrotesque-Regular.ttf */; };
		38760AFA38454FCC93AE0EAD /* DarkerGrotesque-SemiBold.ttf in Resources */ = {isa = PBXBuildFile; fileRef = A0BC892ABE6B4F69AB0EF2CD /* DarkerGrotesque-SemiBold.ttf */; };
		76A0DD2E9756419787A096A9 /* Raleway-SemiBoldItalic.ttf in Resources */ = {isa = PBXBuildFile; fileRef = 6B66A9EB837B4BF79E223316 /* Raleway-SemiBoldItalic.ttf */; };
		8086B3C13C4C47488259106C /* Raleway-Light.ttf in Resources */ = {isa = PBXBuildFile; fileRef = 6515D15BA141460BB6C2E2B1 /* Raleway-Light.ttf */; };
		81AB9BB82411601600AC10FF /* LaunchScreen.storyboard in Resources */ = {isa = PBXBuildFile; fileRef = 81AB9BB72411601600AC10FF /* LaunchScreen.storyboard */; };
		82DD1A93DDDF40EDA04D8D08 /* Raleway-Bold.ttf in Resources */ = {isa = PBXBuildFile; fileRef = D8DED2B4E2E1406990DC0EFD /* Raleway-Bold.ttf */; };
		9812E5BD198B47CB8BCEFD2F /* DarkerGrotesque-Light.ttf in Resources */ = {isa = PBXBuildFile; fileRef = 4BC6090864F749899DF7C8C8 /* DarkerGrotesque-Light.ttf */; };
		9E24ADB9C3DA4942AB3101F3 /* Raleway-Medium.ttf in Resources */ = {isa = PBXBuildFile; fileRef = AF3055D42D744297A84450A3 /* Raleway-Medium.ttf */; };
		A4E977DD367A768F80595D72 /* libPods-royal_cloud_33498-royal_cloud_33498Tests.a in Frameworks */ = {isa = PBXBuildFile; fileRef = 3453BBA3A5E2817E9224B7E5 /* libPods-royal_cloud_33498-royal_cloud_33498Tests.a */; };
		AD2C32B30588412B9ACB767E /* Raleway-Italic.ttf in Resources */ = {isa = PBXBuildFile; fileRef = AD7C6586E3074552BDCFF4CA /* Raleway-Italic.ttf */; };
		C08227E268774A3EAC49A2EA /* Raleway-Regular.ttf in Resources */ = {isa = PBXBuildFile; fileRef = 1A1FDD655C9F482EA772B873 /* Raleway-Regular.ttf */; };
		C7E2A88BAF544EB4B2EF1041 /* DarkerGrotesque-Medium.ttf in Resources */ = {isa = PBXBuildFile; fileRef = CB2AFFC38FA64D67957FC296 /* DarkerGrotesque-Medium.ttf */; };
		CD15E1AFA8774D6D866D3B03 /* DarkerGrotesque-ExtraBold.ttf in Resources */ = {isa = PBXBuildFile; fileRef = 2830F5CBF26A4D6B9BA26CE1 /* DarkerGrotesque-ExtraBold.ttf */; };
		DA51292A7EC445629303E1EE /* DarkerGrotesque-Bold.ttf in Resources */ = {isa = PBXBuildFile; fileRef = 80FC4F07F5F34B1998E4BF84 /* DarkerGrotesque-Bold.ttf */; };
		DFC7915250B61B94D5C22066 /* libPods-royal_cloud_33498.a in Frameworks */ = {isa = PBXBuildFile; fileRef = 59931B5124DE56449711B07C /* libPods-royal_cloud_33498.a */; };
/* End PBXBuildFile section */

/* Begin PBXContainerItemProxy section */
		00E356F41AD99517003FC87E /* PBXContainerItemProxy */ = {
			isa = PBXContainerItemProxy;
			containerPortal = 83CBB9F71A601CBA00E9B192 /* Project object */;
			proxyType = 1;
			remoteGlobalIDString = 13B07F861A680F5B00A75B9A;
			remoteInfo = royal_cloud_33498;
		};
/* End PBXContainerItemProxy section */

/* Begin PBXFileReference section */
		00E356EE1AD99517003FC87E /* royal_cloud_33498Tests.xctest */ = {isa = PBXFileReference; explicitFileType = wrapper.cfbundle; includeInIndex = 0; path = royal_cloud_33498Tests.xctest; sourceTree = BUILT_PRODUCTS_DIR; };
		00E356F11AD99517003FC87E /* Info.plist */ = {isa = PBXFileReference; lastKnownFileType = text.plist.xml; path = Info.plist; sourceTree = "<group>"; };
		00E356F21AD99517003FC87E /* royal_cloud_33498Tests.m */ = {isa = PBXFileReference; lastKnownFileType = sourcecode.c.objc; path = royal_cloud_33498Tests.m; sourceTree = "<group>"; };
		04B37D586AEC459AB9C5E509 /* Foundation.ttf */ = {isa = PBXFileReference; explicitFileType = undefined; fileEncoding = 9; includeInIndex = 0; lastKnownFileType = unknown; name = Foundation.ttf; path = "../node_modules/react-native-vector-icons/Fonts/Foundation.ttf"; sourceTree = "<group>"; };
		13B07F961A680F5B00A75B9A /* royal_cloud_33498.app */ = {isa = PBXFileReference; explicitFileType = wrapper.application; includeInIndex = 0; path = royal_cloud_33498.app; sourceTree = BUILT_PRODUCTS_DIR; };
		13B07FAF1A68108700A75B9A /* AppDelegate.h */ = {isa = PBXFileReference; fileEncoding = 4; lastKnownFileType = sourcecode.c.h; name = AppDelegate.h; path = royal_cloud_33498/AppDelegate.h; sourceTree = "<group>"; };
		13B07FB01A68108700A75B9A /* AppDelegate.m */ = {isa = PBXFileReference; fileEncoding = 4; lastKnownFileType = sourcecode.c.objc; name = AppDelegate.m; path = royal_cloud_33498/AppDelegate.m; sourceTree = "<group>"; };
		13B07FB51A68108700A75B9A /* Images.xcassets */ = {isa = PBXFileReference; lastKnownFileType = folder.assetcatalog; name = Images.xcassets; path = royal_cloud_33498/Images.xcassets; sourceTree = "<group>"; };
		13B07FB61A68108700A75B9A /* Info.plist */ = {isa = PBXFileReference; fileEncoding = 4; lastKnownFileType = text.plist.xml; name = Info.plist; path = royal_cloud_33498/Info.plist; sourceTree = "<group>"; };
		13B07FB71A68108700A75B9A /* main.m */ = {isa = PBXFileReference; fileEncoding = 4; lastKnownFileType = sourcecode.c.objc; name = main.m; path = royal_cloud_33498/main.m; sourceTree = "<group>"; };
		1A1FDD655C9F482EA772B873 /* Raleway-Regular.ttf */ = {isa = PBXFileReference; explicitFileType = undefined; fileEncoding = 9; includeInIndex = 0; lastKnownFileType = unknown; name = "Raleway-Regular.ttf"; path = "../assets/fonts/Raleway-Regular.ttf"; sourceTree = "<group>"; };
		21D734F8B35446889602E175 /* EvilIcons.ttf */ = {isa = PBXFileReference; explicitFileType = undefined; fileEncoding = 9; includeInIndex = 0; lastKnownFileType = unknown; name = EvilIcons.ttf; path = "../node_modules/react-native-vector-icons/Fonts/EvilIcons.ttf"; sourceTree = "<group>"; };
		2830F5CBF26A4D6B9BA26CE1 /* DarkerGrotesque-ExtraBold.ttf */ = {isa = PBXFileReference; explicitFileType = undefined; fileEncoding = 9; includeInIndex = 0; lastKnownFileType = unknown; name = "DarkerGrotesque-ExtraBold.ttf"; path = "../assets/fonts/DarkerGrotesque-ExtraBold.ttf"; sourceTree = "<group>"; };
		2D63801B7DA149E4A351ED3F /* AntDesign.ttf */ = {isa = PBXFileReference; explicitFileType = undefined; fileEncoding = 9; includeInIndex = 0; lastKnownFileType = unknown; name = AntDesign.ttf; path = "../node_modules/react-native-vector-icons/Fonts/AntDesign.ttf"; sourceTree = "<group>"; };
		2E5DF32387004C15AF2F73CB /* Octicons.ttf */ = {isa = PBXFileReference; explicitFileType = undefined; fileEncoding = 9; includeInIndex = 0; lastKnownFileType = unknown; name = Octicons.ttf; path = "../node_modules/react-native-vector-icons/Fonts/Octicons.ttf"; sourceTree = "<group>"; };
		3453BBA3A5E2817E9224B7E5 /* libPods-royal_cloud_33498-royal_cloud_33498Tests.a */ = {isa = PBXFileReference; explicitFileType = archive.ar; includeInIndex = 0; path = "libPods-royal_cloud_33498-royal_cloud_33498Tests.a"; sourceTree = BUILT_PRODUCTS_DIR; };
		360888B0D3A54BBAB0D04B58 /* Zocial.ttf */ = {isa = PBXFileReference; explicitFileType = undefined; fileEncoding = 9; includeInIndex = 0; lastKnownFileType = unknown; name = Zocial.ttf; path = "../node_modules/react-native-vector-icons/Fonts/Zocial.ttf"; sourceTree = "<group>"; };
		4BC6090864F749899DF7C8C8 /* DarkerGrotesque-Light.ttf */ = {isa = PBXFileReference; explicitFileType = undefined; fileEncoding = 9; includeInIndex = 0; lastKnownFileType = unknown; name = "DarkerGrotesque-Light.ttf"; path = "../assets/fonts/DarkerGrotesque-Light.ttf"; sourceTree = "<group>"; };
		5196626EC9B187B6B27893F4 /* Pods-royal_cloud_33498-royal_cloud_33498Tests.release.xcconfig */ = {isa = PBXFileReference; includeInIndex = 1; lastKnownFileType = text.xcconfig; name = "Pods-royal_cloud_33498-royal_cloud_33498Tests.release.xcconfig"; path = "Target Support Files/Pods-royal_cloud_33498-royal_cloud_33498Tests/Pods-royal_cloud_33498-royal_cloud_33498Tests.release.xcconfig"; sourceTree = "<group>"; };
		56B22DA0348D4183891EAF00 /* FontAwesome5_Solid.ttf */ = {isa = PBXFileReference; explicitFileType = undefined; fileEncoding = 9; includeInIndex = 0; lastKnownFileType = unknown; name = FontAwesome5_Solid.ttf; path = "../node_modules/react-native-vector-icons/Fonts/FontAwesome5_Solid.ttf"; sourceTree = "<group>"; };
		59931B5124DE56449711B07C /* libPods-royal_cloud_33498.a */ = {isa = PBXFileReference; explicitFileType = archive.ar; includeInIndex = 0; path = "libPods-royal_cloud_33498.a"; sourceTree = BUILT_PRODUCTS_DIR; };
		5C15029BEDD65AB1A88E5C07 /* Pods-royal_cloud_33498.release.xcconfig */ = {isa = PBXFileReference; includeInIndex = 1; lastKnownFileType = text.xcconfig; name = "Pods-royal_cloud_33498.release.xcconfig"; path = "Target Support Files/Pods-royal_cloud_33498/Pods-royal_cloud_33498.release.xcconfig"; sourceTree = "<group>"; };
		6277E4A5B3B44D0D872ABDEA /* FontAwesome5_Brands.ttf */ = {isa = PBXFileReference; explicitFileType = undefined; fileEncoding = 9; includeInIndex = 0; lastKnownFileType = unknown; name = FontAwesome5_Brands.ttf; path = "../node_modules/react-native-vector-icons/Fonts/FontAwesome5_Brands.ttf"; sourceTree = "<group>"; };
		6515D15BA141460BB6C2E2B1 /* Raleway-Light.ttf */ = {isa = PBXFileReference; explicitFileType = undefined; fileEncoding = 9; includeInIndex = 0; lastKnownFileType = unknown; name = "Raleway-Light.ttf"; path = "../assets/fonts/Raleway-Light.ttf"; sourceTree = "<group>"; };
		6B66A9EB837B4BF79E223316 /* Raleway-SemiBoldItalic.ttf */ = {isa = PBXFileReference; explicitFileType = undefined; fileEncoding = 9; includeInIndex = 0; lastKnownFileType = unknown; name = "Raleway-SemiBoldItalic.ttf"; path = "../assets/fonts/Raleway-SemiBoldItalic.ttf"; sourceTree = "<group>"; };
		80FC4F07F5F34B1998E4BF84 /* DarkerGrotesque-Bold.ttf */ = {isa = PBXFileReference; explicitFileType = undefined; fileEncoding = 9; includeInIndex = 0; lastKnownFileType = unknown; name = "DarkerGrotesque-Bold.ttf"; path = "../assets/fonts/DarkerGrotesque-Bold.ttf"; sourceTree = "<group>"; };
		81AB9BB72411601600AC10FF /* LaunchScreen.storyboard */ = {isa = PBXFileReference; fileEncoding = 4; lastKnownFileType = file.storyboard; name = LaunchScreen.storyboard; path = royal_cloud_33498/LaunchScreen.storyboard; sourceTree = "<group>"; };
		94E2420BB92548A1AF03245F /* FontAwesome5_Regular.ttf */ = {isa = PBXFileReference; explicitFileType = undefined; fileEncoding = 9; includeInIndex = 0; lastKnownFileType = unknown; name = FontAwesome5_Regular.ttf; path = "../node_modules/react-native-vector-icons/Fonts/FontAwesome5_Regular.ttf"; sourceTree = "<group>"; };
		9A78CB4AFB6C425687768C9A /* DarkerGrotesque-Regular.ttf */ = {isa = PBXFileReference; explicitFileType = undefined; fileEncoding = 9; includeInIndex = 0; lastKnownFileType = unknown; name = "DarkerGrotesque-Regular.ttf"; path = "../assets/fonts/DarkerGrotesque-Regular.ttf"; sourceTree = "<group>"; };
		A0BC892ABE6B4F69AB0EF2CD /* DarkerGrotesque-SemiBold.ttf */ = {isa = PBXFileReference; explicitFileType = undefined; fileEncoding = 9; includeInIndex = 0; lastKnownFileType = unknown; name = "DarkerGrotesque-SemiBold.ttf"; path = "../assets/fonts/DarkerGrotesque-SemiBold.ttf"; sourceTree = "<group>"; };
		AD3C3D10B9314A1F8A25D24D /* SimpleLineIcons.ttf */ = {isa = PBXFileReference; explicitFileType = undefined; fileEncoding = 9; includeInIndex = 0; lastKnownFileType = unknown; name = SimpleLineIcons.ttf; path = "../node_modules/react-native-vector-icons/Fonts/SimpleLineIcons.ttf"; sourceTree = "<group>"; };
		AD7C6586E3074552BDCFF4CA /* Raleway-Italic.ttf */ = {isa = PBXFileReference; explicitFileType = undefined; fileEncoding = 9; includeInIndex = 0; lastKnownFileType = unknown; name = "Raleway-Italic.ttf"; path = "../assets/fonts/Raleway-Italic.ttf"; sourceTree = "<group>"; };
		AF3055D42D744297A84450A3 /* Raleway-Medium.ttf */ = {isa = PBXFileReference; explicitFileType = undefined; fileEncoding = 9; includeInIndex = 0; lastKnownFileType = unknown; name = "Raleway-Medium.ttf"; path = "../assets/fonts/Raleway-Medium.ttf"; sourceTree = "<group>"; };
		B6A888B1711970A701EC1BFE /* Pods-royal_cloud_33498-royal_cloud_33498Tests.debug.xcconfig */ = {isa = PBXFileReference; includeInIndex = 1; lastKnownFileType = text.xcconfig; name = "Pods-royal_cloud_33498-royal_cloud_33498Tests.debug.xcconfig"; path = "Target Support Files/Pods-royal_cloud_33498-royal_cloud_33498Tests/Pods-royal_cloud_33498-royal_cloud_33498Tests.debug.xcconfig"; sourceTree = "<group>"; };
		B8658782F3114A4A906BBFBE /* Entypo.ttf */ = {isa = PBXFileReference; explicitFileType = undefined; fileEncoding = 9; includeInIndex = 0; lastKnownFileType = unknown; name = Entypo.ttf; path = "../node_modules/react-native-vector-icons/Fonts/Entypo.ttf"; sourceTree = "<group>"; };
		BA77FF0B1C81D81F49E56732 /* Pods-royal_cloud_33498.debug.xcconfig */ = {isa = PBXFileReference; includeInIndex = 1; lastKnownFileType = text.xcconfig; name = "Pods-royal_cloud_33498.debug.xcconfig"; path = "Target Support Files/Pods-royal_cloud_33498/Pods-royal_cloud_33498.debug.xcconfig"; sourceTree = "<group>"; };
		C6E59FCCE4E2436C854A42CE /* Fontisto.ttf */ = {isa = PBXFileReference; explicitFileType = undefined; fileEncoding = 9; includeInIndex = 0; lastKnownFileType = unknown; name = Fontisto.ttf; path = "../node_modules/react-native-vector-icons/Fonts/Fontisto.ttf"; sourceTree = "<group>"; };
		CB2AFFC38FA64D67957FC296 /* DarkerGrotesque-Medium.ttf */ = {isa = PBXFileReference; explicitFileType = undefined; fileEncoding = 9; includeInIndex = 0; lastKnownFileType = unknown; name = "DarkerGrotesque-Medium.ttf"; path = "../assets/fonts/DarkerGrotesque-Medium.ttf"; sourceTree = "<group>"; };
		D85BFDAC9DAD43E6A01A4E07 /* Feather.ttf */ = {isa = PBXFileReference; explicitFileType = undefined; fileEncoding = 9; includeInIndex = 0; lastKnownFileType = unknown; name = Feather.ttf; path = "../node_modules/react-native-vector-icons/Fonts/Feather.ttf"; sourceTree = "<group>"; };
		D8DED2B4E2E1406990DC0EFD /* Raleway-Bold.ttf */ = {isa = PBXFileReference; explicitFileType = undefined; fileEncoding = 9; includeInIndex = 0; lastKnownFileType = unknown; name = "Raleway-Bold.ttf"; path = "../assets/fonts/Raleway-Bold.ttf"; sourceTree = "<group>"; };
		DD10D3D20EC344B19C8092A4 /* FontAwesome.ttf */ = {isa = PBXFileReference; explicitFileType = undefined; fileEncoding = 9; includeInIndex = 0; lastKnownFileType = unknown; name = FontAwesome.ttf; path = "../node_modules/react-native-vector-icons/Fonts/FontAwesome.ttf"; sourceTree = "<group>"; };
		DF98EA561AF64B6FA33FE557 /* Ionicons.ttf */ = {isa = PBXFileReference; explicitFileType = undefined; fileEncoding = 9; includeInIndex = 0; lastKnownFileType = unknown; name = Ionicons.ttf; path = "../node_modules/react-native-vector-icons/Fonts/Ionicons.ttf"; sourceTree = "<group>"; };
		ED297162215061F000B7C4FE /* JavaScriptCore.framework */ = {isa = PBXFileReference; lastKnownFileType = wrapper.framework; name = JavaScriptCore.framework; path = System/Library/Frameworks/JavaScriptCore.framework; sourceTree = SDKROOT; };
		F26FD62E68E04714B8AEA1DE /* MaterialCommunityIcons.ttf */ = {isa = PBXFileReference; explicitFileType = undefined; fileEncoding = 9; includeInIndex = 0; lastKnownFileType = unknown; name = MaterialCommunityIcons.ttf; path = "../node_modules/react-native-vector-icons/Fonts/MaterialCommunityIcons.ttf"; sourceTree = "<group>"; };
		F7779BE2757F40818312E8AE /* Raleway-SemiBold.ttf */ = {isa = PBXFileReference; explicitFileType = undefined; fileEncoding = 9; includeInIndex = 0; lastKnownFileType = unknown; name = "Raleway-SemiBold.ttf"; path = "../assets/fonts/Raleway-SemiBold.ttf"; sourceTree = "<group>"; };
		FE0F9602C8F64BF7A24B075E /* MaterialIcons.ttf */ = {isa = PBXFileReference; explicitFileType = undefined; fileEncoding = 9; includeInIndex = 0; lastKnownFileType = unknown; name = MaterialIcons.ttf; path = "../node_modules/react-native-vector-icons/Fonts/MaterialIcons.ttf"; sourceTree = "<group>"; };
/* End PBXFileReference section */

/* Begin PBXFrameworksBuildPhase section */
		00E356EB1AD99517003FC87E /* Frameworks */ = {
			isa = PBXFrameworksBuildPhase;
			buildActionMask = 2147483647;
			files = (
				A4E977DD367A768F80595D72 /* libPods-royal_cloud_33498-royal_cloud_33498Tests.a in Frameworks */,
			);
			runOnlyForDeploymentPostprocessing = 0;
		};
		13B07F8C1A680F5B00A75B9A /* Frameworks */ = {
			isa = PBXFrameworksBuildPhase;
			buildActionMask = 2147483647;
			files = (
				DFC7915250B61B94D5C22066 /* libPods-royal_cloud_33498.a in Frameworks */,
			);
			runOnlyForDeploymentPostprocessing = 0;
		};
/* End PBXFrameworksBuildPhase section */

/* Begin PBXGroup section */
		00E356EF1AD99517003FC87E /* royal_cloud_33498Tests */ = {
			isa = PBXGroup;
			children = (
				00E356F21AD99517003FC87E /* royal_cloud_33498Tests.m */,
				00E356F01AD99517003FC87E /* Supporting Files */,
			);
			path = royal_cloud_33498Tests;
			sourceTree = "<group>";
		};
		00E356F01AD99517003FC87E /* Supporting Files */ = {
			isa = PBXGroup;
			children = (
				00E356F11AD99517003FC87E /* Info.plist */,
			);
			name = "Supporting Files";
			sourceTree = "<group>";
		};
		13B07FAE1A68108700A75B9A /* royal_cloud_33498 */ = {
			isa = PBXGroup;
			children = (
				13B07FAF1A68108700A75B9A /* AppDelegate.h */,
				13B07FB01A68108700A75B9A /* AppDelegate.m */,
				13B07FB51A68108700A75B9A /* Images.xcassets */,
				13B07FB61A68108700A75B9A /* Info.plist */,
				81AB9BB72411601600AC10FF /* LaunchScreen.storyboard */,
				13B07FB71A68108700A75B9A /* main.m */,
			);
			name = royal_cloud_33498;
			sourceTree = "<group>";
		};
		2D16E6871FA4F8E400B85C8A /* Frameworks */ = {
			isa = PBXGroup;
			children = (
				ED297162215061F000B7C4FE /* JavaScriptCore.framework */,
				59931B5124DE56449711B07C /* libPods-royal_cloud_33498.a */,
				3453BBA3A5E2817E9224B7E5 /* libPods-royal_cloud_33498-royal_cloud_33498Tests.a */,
			);
			name = Frameworks;
			sourceTree = "<group>";
		};
		832341AE1AAA6A7D00B99B32 /* Libraries */ = {
			isa = PBXGroup;
			children = (
			);
			name = Libraries;
			sourceTree = "<group>";
		};
		83CBB9F61A601CBA00E9B192 = {
			isa = PBXGroup;
			children = (
				13B07FAE1A68108700A75B9A /* royal_cloud_33498 */,
				832341AE1AAA6A7D00B99B32 /* Libraries */,
				00E356EF1AD99517003FC87E /* royal_cloud_33498Tests */,
				83CBBA001A601CBA00E9B192 /* Products */,
				2D16E6871FA4F8E400B85C8A /* Frameworks */,
				E102B8F7D781400083FFE5E4 /* Resources */,
				A9C447949DF56F998A12D623 /* Pods */,
			);
			indentWidth = 2;
			sourceTree = "<group>";
			tabWidth = 2;
			usesTabs = 0;
		};
		83CBBA001A601CBA00E9B192 /* Products */ = {
			isa = PBXGroup;
			children = (
				13B07F961A680F5B00A75B9A /* royal_cloud_33498.app */,
				00E356EE1AD99517003FC87E /* royal_cloud_33498Tests.xctest */,
			);
			name = Products;
			sourceTree = "<group>";
		};
		A9C447949DF56F998A12D623 /* Pods */ = {
			isa = PBXGroup;
			children = (
				BA77FF0B1C81D81F49E56732 /* Pods-royal_cloud_33498.debug.xcconfig */,
				5C15029BEDD65AB1A88E5C07 /* Pods-royal_cloud_33498.release.xcconfig */,
				B6A888B1711970A701EC1BFE /* Pods-royal_cloud_33498-royal_cloud_33498Tests.debug.xcconfig */,
				5196626EC9B187B6B27893F4 /* Pods-royal_cloud_33498-royal_cloud_33498Tests.release.xcconfig */,
			);
			path = Pods;
			sourceTree = "<group>";
		};
		E102B8F7D781400083FFE5E4 /* Resources */ = {
			isa = PBXGroup;
			children = (
				80FC4F07F5F34B1998E4BF84 /* DarkerGrotesque-Bold.ttf */,
				2830F5CBF26A4D6B9BA26CE1 /* DarkerGrotesque-ExtraBold.ttf */,
				4BC6090864F749899DF7C8C8 /* DarkerGrotesque-Light.ttf */,
				CB2AFFC38FA64D67957FC296 /* DarkerGrotesque-Medium.ttf */,
				9A78CB4AFB6C425687768C9A /* DarkerGrotesque-Regular.ttf */,
				A0BC892ABE6B4F69AB0EF2CD /* DarkerGrotesque-SemiBold.ttf */,
				2D63801B7DA149E4A351ED3F /* AntDesign.ttf */,
				B8658782F3114A4A906BBFBE /* Entypo.ttf */,
				21D734F8B35446889602E175 /* EvilIcons.ttf */,
				D85BFDAC9DAD43E6A01A4E07 /* Feather.ttf */,
				DD10D3D20EC344B19C8092A4 /* FontAwesome.ttf */,
				6277E4A5B3B44D0D872ABDEA /* FontAwesome5_Brands.ttf */,
				94E2420BB92548A1AF03245F /* FontAwesome5_Regular.ttf */,
				56B22DA0348D4183891EAF00 /* FontAwesome5_Solid.ttf */,
				C6E59FCCE4E2436C854A42CE /* Fontisto.ttf */,
				04B37D586AEC459AB9C5E509 /* Foundation.ttf */,
				DF98EA561AF64B6FA33FE557 /* Ionicons.ttf */,
				F26FD62E68E04714B8AEA1DE /* MaterialCommunityIcons.ttf */,
				FE0F9602C8F64BF7A24B075E /* MaterialIcons.ttf */,
				2E5DF32387004C15AF2F73CB /* Octicons.ttf */,
				AD3C3D10B9314A1F8A25D24D /* SimpleLineIcons.ttf */,
				360888B0D3A54BBAB0D04B58 /* Zocial.ttf */,
				D8DED2B4E2E1406990DC0EFD /* Raleway-Bold.ttf */,
				AD7C6586E3074552BDCFF4CA /* Raleway-Italic.ttf */,
				6515D15BA141460BB6C2E2B1 /* Raleway-Light.ttf */,
				AF3055D42D744297A84450A3 /* Raleway-Medium.ttf */,
				1A1FDD655C9F482EA772B873 /* Raleway-Regular.ttf */,
				F7779BE2757F40818312E8AE /* Raleway-SemiBold.ttf */,
				6B66A9EB837B4BF79E223316 /* Raleway-SemiBoldItalic.ttf */,
			);
			name = Resources;
			sourceTree = "<group>";
		};
/* End PBXGroup section */

/* Begin PBXNativeTarget section */
		00E356ED1AD99517003FC87E /* royal_cloud_33498Tests */ = {
			isa = PBXNativeTarget;
			buildConfigurationList = 00E357021AD99517003FC87E /* Build configuration list for PBXNativeTarget "royal_cloud_33498Tests" */;
			buildPhases = (
				53E0A924104429158A65ECAF /* [CP] Check Pods Manifest.lock */,
				00E356EA1AD99517003FC87E /* Sources */,
				00E356EB1AD99517003FC87E /* Frameworks */,
				00E356EC1AD99517003FC87E /* Resources */,
				E0D0DBF99FD38F22CA57E840 /* [CP] Copy Pods Resources */,
			);
			buildRules = (
			);
			dependencies = (
				00E356F51AD99517003FC87E /* PBXTargetDependency */,
			);
			name = royal_cloud_33498Tests;
			productName = royal_cloud_33498Tests;
			productReference = 00E356EE1AD99517003FC87E /* royal_cloud_33498Tests.xctest */;
			productType = "com.apple.product-type.bundle.unit-test";
		};
		13B07F861A680F5B00A75B9A /* royal_cloud_33498 */ = {
			isa = PBXNativeTarget;
			buildConfigurationList = 13B07F931A680F5B00A75B9A /* Build configuration list for PBXNativeTarget "royal_cloud_33498" */;
			buildPhases = (
				F1AC6AAFBFD6BA4935B21F01 /* [CP] Check Pods Manifest.lock */,
				FD10A7F022414F080027D42C /* Start Packager */,
				13B07F871A680F5B00A75B9A /* Sources */,
				13B07F8C1A680F5B00A75B9A /* Frameworks */,
				13B07F8E1A680F5B00A75B9A /* Resources */,
				00DD1BFF1BD5951E006B06BC /* Bundle React Native code and images */,
				FB44A3A99333619CB766FD67 /* [CP] Copy Pods Resources */,
			);
			buildRules = (
			);
			dependencies = (
			);
			name = royal_cloud_33498;
			productName = royal_cloud_33498;
			productReference = 13B07F961A680F5B00A75B9A /* royal_cloud_33498.app */;
			productType = "com.apple.product-type.application";
		};
/* End PBXNativeTarget section */

/* Begin PBXProject section */
		83CBB9F71A601CBA00E9B192 /* Project object */ = {
			isa = PBXProject;
			attributes = {
				LastUpgradeCheck = 1210;
				TargetAttributes = {
					00E356ED1AD99517003FC87E = {
						CreatedOnToolsVersion = 6.2;
						TestTargetID = 13B07F861A680F5B00A75B9A;
					};
					13B07F861A680F5B00A75B9A = {
						LastSwiftMigration = 1120;
					};
				};
			};
			buildConfigurationList = 83CBB9FA1A601CBA00E9B192 /* Build configuration list for PBXProject "royal_cloud_33498" */;
			compatibilityVersion = "Xcode 12.0";
			developmentRegion = en;
			hasScannedForEncodings = 0;
			knownRegions = (
				en,
				Base,
			);
			mainGroup = 83CBB9F61A601CBA00E9B192;
			productRefGroup = 83CBBA001A601CBA00E9B192 /* Products */;
			projectDirPath = "";
			projectRoot = "";
			targets = (
				13B07F861A680F5B00A75B9A /* royal_cloud_33498 */,
				00E356ED1AD99517003FC87E /* royal_cloud_33498Tests */,
			);
		};
/* End PBXProject section */

/* Begin PBXResourcesBuildPhase section */
		00E356EC1AD99517003FC87E /* Resources */ = {
			isa = PBXResourcesBuildPhase;
			buildActionMask = 2147483647;
			files = (
			);
			runOnlyForDeploymentPostprocessing = 0;
		};
		13B07F8E1A680F5B00A75B9A /* Resources */ = {
			isa = PBXResourcesBuildPhase;
			buildActionMask = 2147483647;
			files = (
				81AB9BB82411601600AC10FF /* LaunchScreen.storyboard in Resources */,
				13B07FBF1A68108700A75B9A /* Images.xcassets in Resources */,
				DA51292A7EC445629303E1EE /* DarkerGrotesque-Bold.ttf in Resources */,
				CD15E1AFA8774D6D866D3B03 /* DarkerGrotesque-ExtraBold.ttf in Resources */,
				9812E5BD198B47CB8BCEFD2F /* DarkerGrotesque-Light.ttf in Resources */,
				C7E2A88BAF544EB4B2EF1041 /* DarkerGrotesque-Medium.ttf in Resources */,
				1661E6694BA84BE488AC8D90 /* DarkerGrotesque-Regular.ttf in Resources */,
				38760AFA38454FCC93AE0EAD /* DarkerGrotesque-SemiBold.ttf in Resources */,
				82DD1A93DDDF40EDA04D8D08 /* Raleway-Bold.ttf in Resources */,
				AD2C32B30588412B9ACB767E /* Raleway-Italic.ttf in Resources */,
				8086B3C13C4C47488259106C /* Raleway-Light.ttf in Resources */,
				9E24ADB9C3DA4942AB3101F3 /* Raleway-Medium.ttf in Resources */,
				C08227E268774A3EAC49A2EA /* Raleway-Regular.ttf in Resources */,
				032A1CD1B4494D709C88C039 /* Raleway-SemiBold.ttf in Resources */,
				76A0DD2E9756419787A096A9 /* Raleway-SemiBoldItalic.ttf in Resources */,
			);
			runOnlyForDeploymentPostprocessing = 0;
		};
/* End PBXResourcesBuildPhase section */

/* Begin PBXShellScriptBuildPhase section */
		00DD1BFF1BD5951E006B06BC /* Bundle React Native code and images */ = {
			isa = PBXShellScriptBuildPhase;
			buildActionMask = 2147483647;
			files = (
			);
			inputPaths = (
			);
			name = "Bundle React Native code and images";
			outputPaths = (
			);
			runOnlyForDeploymentPostprocessing = 0;
			shellPath = /bin/sh;
			shellScript = "set -e\n\nexport NODE_BINARY=node\n../node_modules/react-native/scripts/react-native-xcode.sh\n";
		};
		53E0A924104429158A65ECAF /* [CP] Check Pods Manifest.lock */ = {
			isa = PBXShellScriptBuildPhase;
			buildActionMask = 2147483647;
			files = (
			);
			inputFileListPaths = (
			);
			inputPaths = (
				"${PODS_PODFILE_DIR_PATH}/Podfile.lock",
				"${PODS_ROOT}/Manifest.lock",
			);
			name = "[CP] Check Pods Manifest.lock";
			outputFileListPaths = (
			);
			outputPaths = (
				"$(DERIVED_FILE_DIR)/Pods-royal_cloud_33498-royal_cloud_33498Tests-checkManifestLockResult.txt",
			);
			runOnlyForDeploymentPostprocessing = 0;
			shellPath = /bin/sh;
			shellScript = "diff \"${PODS_PODFILE_DIR_PATH}/Podfile.lock\" \"${PODS_ROOT}/Manifest.lock\" > /dev/null\nif [ $? != 0 ] ; then\n    # print error to STDERR\n    echo \"error: The sandbox is not in sync with the Podfile.lock. Run 'pod install' or update your CocoaPods installation.\" >&2\n    exit 1\nfi\n# This output is used by Xcode 'outputs' to avoid re-running this script phase.\necho \"SUCCESS\" > \"${SCRIPT_OUTPUT_FILE_0}\"\n";
			showEnvVarsInLog = 0;
		};
		E0D0DBF99FD38F22CA57E840 /* [CP] Copy Pods Resources */ = {
			isa = PBXShellScriptBuildPhase;
			buildActionMask = 2147483647;
			files = (
			);
			inputFileListPaths = (
				"${PODS_ROOT}/Target Support Files/Pods-royal_cloud_33498-royal_cloud_33498Tests/Pods-royal_cloud_33498-royal_cloud_33498Tests-resources-${CONFIGURATION}-input-files.xcfilelist",
			);
			name = "[CP] Copy Pods Resources";
			outputFileListPaths = (
				"${PODS_ROOT}/Target Support Files/Pods-royal_cloud_33498-royal_cloud_33498Tests/Pods-royal_cloud_33498-royal_cloud_33498Tests-resources-${CONFIGURATION}-output-files.xcfilelist",
			);
			runOnlyForDeploymentPostprocessing = 0;
			shellPath = /bin/sh;
			shellScript = "\"${PODS_ROOT}/Target Support Files/Pods-royal_cloud_33498-royal_cloud_33498Tests/Pods-royal_cloud_33498-royal_cloud_33498Tests-resources.sh\"\n";
			showEnvVarsInLog = 0;
		};
		F1AC6AAFBFD6BA4935B21F01 /* [CP] Check Pods Manifest.lock */ = {
			isa = PBXShellScriptBuildPhase;
			buildActionMask = 2147483647;
			files = (
			);
			inputFileListPaths = (
			);
			inputPaths = (
				"${PODS_PODFILE_DIR_PATH}/Podfile.lock",
				"${PODS_ROOT}/Manifest.lock",
			);
			name = "[CP] Check Pods Manifest.lock";
			outputFileListPaths = (
			);
			outputPaths = (
				"$(DERIVED_FILE_DIR)/Pods-royal_cloud_33498-checkManifestLockResult.txt",
			);
			runOnlyForDeploymentPostprocessing = 0;
			shellPath = /bin/sh;
			shellScript = "diff \"${PODS_PODFILE_DIR_PATH}/Podfile.lock\" \"${PODS_ROOT}/Manifest.lock\" > /dev/null\nif [ $? != 0 ] ; then\n    # print error to STDERR\n    echo \"error: The sandbox is not in sync with the Podfile.lock. Run 'pod install' or update your CocoaPods installation.\" >&2\n    exit 1\nfi\n# This output is used by Xcode 'outputs' to avoid re-running this script phase.\necho \"SUCCESS\" > \"${SCRIPT_OUTPUT_FILE_0}\"\n";
			showEnvVarsInLog = 0;
		};
		FB44A3A99333619CB766FD67 /* [CP] Copy Pods Resources */ = {
			isa = PBXShellScriptBuildPhase;
			buildActionMask = 2147483647;
			files = (
			);
			inputFileListPaths = (
				"${PODS_ROOT}/Target Support Files/Pods-royal_cloud_33498/Pods-royal_cloud_33498-resources-${CONFIGURATION}-input-files.xcfilelist",
			);
			name = "[CP] Copy Pods Resources";
			outputFileListPaths = (
				"${PODS_ROOT}/Target Support Files/Pods-royal_cloud_33498/Pods-royal_cloud_33498-resources-${CONFIGURATION}-output-files.xcfilelist",
			);
			runOnlyForDeploymentPostprocessing = 0;
			shellPath = /bin/sh;
			shellScript = "\"${PODS_ROOT}/Target Support Files/Pods-royal_cloud_33498/Pods-royal_cloud_33498-resources.sh\"\n";
			showEnvVarsInLog = 0;
		};
		FD10A7F022414F080027D42C /* Start Packager */ = {
			isa = PBXShellScriptBuildPhase;
			buildActionMask = 2147483647;
			files = (
			);
			inputFileListPaths = (
			);
			inputPaths = (
			);
			name = "Start Packager";
			outputFileListPaths = (
			);
			outputPaths = (
			);
			runOnlyForDeploymentPostprocessing = 0;
			shellPath = /bin/sh;
			shellScript = "export RCT_METRO_PORT=\"${RCT_METRO_PORT:=8081}\"\necho \"export RCT_METRO_PORT=${RCT_METRO_PORT}\" > \"${SRCROOT}/../node_modules/react-native/scripts/.packager.env\"\nif [ -z \"${RCT_NO_LAUNCH_PACKAGER+xxx}\" ] ; then\n  if nc -w 5 -z localhost ${RCT_METRO_PORT} ; then\n    if ! curl -s \"http://localhost:${RCT_METRO_PORT}/status\" | grep -q \"packager-status:running\" ; then\n      echo \"Port ${RCT_METRO_PORT} already in use, packager is either not running or not running correctly\"\n      exit 2\n    fi\n  else\n    open \"$SRCROOT/../node_modules/react-native/scripts/launchPackager.command\" || echo \"Can't start packager automatically\"\n  fi\nfi\n";
			showEnvVarsInLog = 0;
		};
/* End PBXShellScriptBuildPhase section */

/* Begin PBXSourcesBuildPhase section */
		00E356EA1AD99517003FC87E /* Sources */ = {
			isa = PBXSourcesBuildPhase;
			buildActionMask = 2147483647;
			files = (
				00E356F31AD99517003FC87E /* royal_cloud_33498Tests.m in Sources */,
			);
			runOnlyForDeploymentPostprocessing = 0;
		};
		13B07F871A680F5B00A75B9A /* Sources */ = {
			isa = PBXSourcesBuildPhase;
			buildActionMask = 2147483647;
			files = (
				13B07FBC1A68108700A75B9A /* AppDelegate.m in Sources */,
				13B07FC11A68108700A75B9A /* main.m in Sources */,
			);
			runOnlyForDeploymentPostprocessing = 0;
		};
/* End PBXSourcesBuildPhase section */

/* Begin PBXTargetDependency section */
		00E356F51AD99517003FC87E /* PBXTargetDependency */ = {
			isa = PBXTargetDependency;
			target = 13B07F861A680F5B00A75B9A /* royal_cloud_33498 */;
			targetProxy = 00E356F41AD99517003FC87E /* PBXContainerItemProxy */;
		};
/* End PBXTargetDependency section */

/* Begin XCBuildConfiguration section */
		00E356F61AD99517003FC87E /* Debug */ = {
			isa = XCBuildConfiguration;
			baseConfigurationReference = B6A888B1711970A701EC1BFE /* Pods-royal_cloud_33498-royal_cloud_33498Tests.debug.xcconfig */;
			buildSettings = {
				BUNDLE_LOADER = "$(TEST_HOST)";
				GCC_PREPROCESSOR_DEFINITIONS = (
					"DEBUG=1",
					"$(inherited)",
				);
				INFOPLIST_FILE = royal_cloud_33498Tests/Info.plist;
				IPHONEOS_DEPLOYMENT_TARGET = 10.0;
				LD_RUNPATH_SEARCH_PATHS = (
					"$(inherited)",
					"@executable_path/Frameworks",
					"@loader_path/Frameworks",
				);
				OTHER_LDFLAGS = (
					"-ObjC",
					"-lc++",
					"$(inherited)",
				);
				PRODUCT_BUNDLE_IDENTIFIER = "org.reactjs.native.example.$(PRODUCT_NAME:rfc1034identifier)";
				PRODUCT_NAME = "$(TARGET_NAME)";
				TEST_HOST = "$(BUILT_PRODUCTS_DIR)/royal_cloud_33498.app/royal_cloud_33498";
			};
			name = Debug;
		};
		00E356F71AD99517003FC87E /* Release */ = {
			isa = XCBuildConfiguration;
			baseConfigurationReference = 5196626EC9B187B6B27893F4 /* Pods-royal_cloud_33498-royal_cloud_33498Tests.release.xcconfig */;
			buildSettings = {
				BUNDLE_LOADER = "$(TEST_HOST)";
				COPY_PHASE_STRIP = NO;
				INFOPLIST_FILE = royal_cloud_33498Tests/Info.plist;
				IPHONEOS_DEPLOYMENT_TARGET = 10.0;
				LD_RUNPATH_SEARCH_PATHS = (
					"$(inherited)",
					"@executable_path/Frameworks",
					"@loader_path/Frameworks",
				);
				OTHER_LDFLAGS = (
					"-ObjC",
					"-lc++",
					"$(inherited)",
				);
				PRODUCT_BUNDLE_IDENTIFIER = "org.reactjs.native.example.$(PRODUCT_NAME:rfc1034identifier)";
				PRODUCT_NAME = "$(TARGET_NAME)";
				TEST_HOST = "$(BUILT_PRODUCTS_DIR)/royal_cloud_33498.app/royal_cloud_33498";
			};
			name = Release;
		};
		13B07F941A680F5B00A75B9A /* Debug */ = {
			isa = XCBuildConfiguration;
			baseConfigurationReference = BA77FF0B1C81D81F49E56732 /* Pods-royal_cloud_33498.debug.xcconfig */;
			buildSettings = {
				ASSETCATALOG_COMPILER_APPICON_NAME = AppIcon;
				CLANG_ENABLE_MODULES = YES;
				CURRENT_PROJECT_VERSION = 3;
				DEVELOPMENT_TEAM = 6YKR59QXKM;
				ENABLE_BITCODE = NO;
				INFOPLIST_FILE = royal_cloud_33498/Info.plist;
				LD_RUNPATH_SEARCH_PATHS = (
					"$(inherited)",
					"@executable_path/Frameworks",
				);
				OTHER_LDFLAGS = (
					"$(inherited)",
					"-ObjC",
					"-lc++",
				);
				PRODUCT_BUNDLE_IDENTIFIER = com.crowdbotics.candy;
				PRODUCT_NAME = royal_cloud_33498;
				SWIFT_OPTIMIZATION_LEVEL = "-Onone";
				SWIFT_VERSION = 5.0;
				VERSIONING_SYSTEM = "apple-generic";
			};
			name = Debug;
		};
		13B07F951A680F5B00A75B9A /* Release */ = {
			isa = XCBuildConfiguration;
			baseConfigurationReference = 5C15029BEDD65AB1A88E5C07 /* Pods-royal_cloud_33498.release.xcconfig */;
			buildSettings = {
				ASSETCATALOG_COMPILER_APPICON_NAME = AppIcon;
				CLANG_ENABLE_MODULES = YES;
				CURRENT_PROJECT_VERSION = 3;
				DEVELOPMENT_TEAM = 6YKR59QXKM;
				INFOPLIST_FILE = royal_cloud_33498/Info.plist;
				LD_RUNPATH_SEARCH_PATHS = (
					"$(inherited)",
					"@executable_path/Frameworks",
				);
				OTHER_LDFLAGS = (
					"$(inherited)",
					"-ObjC",
					"-lc++",
				);
				PRODUCT_BUNDLE_IDENTIFIER = com.crowdbotics.candy;
				PRODUCT_NAME = royal_cloud_33498;
				SWIFT_VERSION = 5.0;
				VERSIONING_SYSTEM = "apple-generic";
			};
			name = Release;
		};
		83CBBA201A601CBA00E9B192 /* Debug */ = {
			isa = XCBuildConfiguration;
			buildSettings = {
				ALWAYS_SEARCH_USER_PATHS = NO;
				CLANG_ANALYZER_LOCALIZABILITY_NONLOCALIZED = YES;
				CLANG_CXX_LANGUAGE_STANDARD = "gnu++0x";
				CLANG_CXX_LIBRARY = "libc++";
				CLANG_ENABLE_MODULES = YES;
				CLANG_ENABLE_OBJC_ARC = YES;
				CLANG_WARN_BLOCK_CAPTURE_AUTORELEASING = YES;
				CLANG_WARN_BOOL_CONVERSION = YES;
				CLANG_WARN_COMMA = YES;
				CLANG_WARN_CONSTANT_CONVERSION = YES;
				CLANG_WARN_DEPRECATED_OBJC_IMPLEMENTATIONS = YES;
				CLANG_WARN_DIRECT_OBJC_ISA_USAGE = YES_ERROR;
				CLANG_WARN_EMPTY_BODY = YES;
				CLANG_WARN_ENUM_CONVERSION = YES;
				CLANG_WARN_INFINITE_RECURSION = YES;
				CLANG_WARN_INT_CONVERSION = YES;
				CLANG_WARN_NON_LITERAL_NULL_CONVERSION = YES;
				CLANG_WARN_OBJC_IMPLICIT_RETAIN_SELF = YES;
				CLANG_WARN_OBJC_LITERAL_CONVERSION = YES;
				CLANG_WARN_OBJC_ROOT_CLASS = YES_ERROR;
				CLANG_WARN_QUOTED_INCLUDE_IN_FRAMEWORK_HEADER = YES;
				CLANG_WARN_RANGE_LOOP_ANALYSIS = YES;
				CLANG_WARN_STRICT_PROTOTYPES = YES;
				CLANG_WARN_SUSPICIOUS_MOVE = YES;
				CLANG_WARN_UNREACHABLE_CODE = YES;
				CLANG_WARN__DUPLICATE_METHOD_MATCH = YES;
				"CODE_SIGN_IDENTITY[sdk=iphoneos*]" = "iPhone Developer";
				COPY_PHASE_STRIP = NO;
				ENABLE_STRICT_OBJC_MSGSEND = YES;
				ENABLE_TESTABILITY = YES;
				"EXCLUDED_ARCHS[sdk=iphonesimulator*]" = "arm64 ";
				GCC_C_LANGUAGE_STANDARD = gnu99;
				GCC_DYNAMIC_NO_PIC = NO;
				GCC_NO_COMMON_BLOCKS = YES;
				GCC_OPTIMIZATION_LEVEL = 0;
				GCC_PREPROCESSOR_DEFINITIONS = (
					"DEBUG=1",
					"$(inherited)",
				);
				GCC_SYMBOLS_PRIVATE_EXTERN = NO;
				GCC_WARN_64_TO_32_BIT_CONVERSION = YES;
				GCC_WARN_ABOUT_RETURN_TYPE = YES_ERROR;
				GCC_WARN_UNDECLARED_SELECTOR = YES;
				GCC_WARN_UNINITIALIZED_AUTOS = YES_AGGRESSIVE;
				GCC_WARN_UNUSED_FUNCTION = YES;
				GCC_WARN_UNUSED_VARIABLE = YES;
				IPHONEOS_DEPLOYMENT_TARGET = 10.0;
				LD_RUNPATH_SEARCH_PATHS = (
					/usr/lib/swift,
					"$(inherited)",
				);
				LIBRARY_SEARCH_PATHS = (
					"\"$(TOOLCHAIN_DIR)/usr/lib/swift/$(PLATFORM_NAME)\"",
					"\"$(TOOLCHAIN_DIR)/usr/lib/swift-5.0/$(PLATFORM_NAME)\"",
					"\"$(inherited)\"",
				);
				MTL_ENABLE_DEBUG_INFO = YES;
				ONLY_ACTIVE_ARCH = YES;
				SDKROOT = iphoneos;
			};
			name = Debug;
		};
		83CBBA211A601CBA00E9B192 /* Release */ = {
			isa = XCBuildConfiguration;
			buildSettings = {
				ALWAYS_SEARCH_USER_PATHS = NO;
				CLANG_ANALYZER_LOCALIZABILITY_NONLOCALIZED = YES;
				CLANG_CXX_LANGUAGE_STANDARD = "gnu++0x";
				CLANG_CXX_LIBRARY = "libc++";
				CLANG_ENABLE_MODULES = YES;
				CLANG_ENABLE_OBJC_ARC = YES;
				CLANG_WARN_BLOCK_CAPTURE_AUTORELEASING = YES;
				CLANG_WARN_BOOL_CONVERSION = YES;
				CLANG_WARN_COMMA = YES;
				CLANG_WARN_CONSTANT_CONVERSION = YES;
				CLANG_WARN_DEPRECATED_OBJC_IMPLEMENTATIONS = YES;
				CLANG_WARN_DIRECT_OBJC_ISA_USAGE = YES_ERROR;
				CLANG_WARN_EMPTY_BODY = YES;
				CLANG_WARN_ENUM_CONVERSION = YES;
				CLANG_WARN_INFINITE_RECURSION = YES;
				CLANG_WARN_INT_CONVERSION = YES;
				CLANG_WARN_NON_LITERAL_NULL_CONVERSION = YES;
				CLANG_WARN_OBJC_IMPLICIT_RETAIN_SELF = YES;
				CLANG_WARN_OBJC_LITERAL_CONVERSION = YES;
				CLANG_WARN_OBJC_ROOT_CLASS = YES_ERROR;
				CLANG_WARN_QUOTED_INCLUDE_IN_FRAMEWORK_HEADER = YES;
				CLANG_WARN_RANGE_LOOP_ANALYSIS = YES;
				CLANG_WARN_STRICT_PROTOTYPES = YES;
				CLANG_WARN_SUSPICIOUS_MOVE = YES;
				CLANG_WARN_UNREACHABLE_CODE = YES;
				CLANG_WARN__DUPLICATE_METHOD_MATCH = YES;
				"CODE_SIGN_IDENTITY[sdk=iphoneos*]" = "iPhone Developer";
				COPY_PHASE_STRIP = YES;
				ENABLE_NS_ASSERTIONS = NO;
				ENABLE_STRICT_OBJC_MSGSEND = YES;
				"EXCLUDED_ARCHS[sdk=iphonesimulator*]" = "arm64 ";
				GCC_C_LANGUAGE_STANDARD = gnu99;
				GCC_NO_COMMON_BLOCKS = YES;
				GCC_WARN_64_TO_32_BIT_CONVERSION = YES;
				GCC_WARN_ABOUT_RETURN_TYPE = YES_ERROR;
				GCC_WARN_UNDECLARED_SELECTOR = YES;
				GCC_WARN_UNINITIALIZED_AUTOS = YES_AGGRESSIVE;
				GCC_WARN_UNUSED_FUNCTION = YES;
				GCC_WARN_UNUSED_VARIABLE = YES;
				IPHONEOS_DEPLOYMENT_TARGET = 10.0;
				LD_RUNPATH_SEARCH_PATHS = (
					/usr/lib/swift,
					"$(inherited)",
				);
				LIBRARY_SEARCH_PATHS = (
					"\"$(TOOLCHAIN_DIR)/usr/lib/swift/$(PLATFORM_NAME)\"",
					"\"$(TOOLCHAIN_DIR)/usr/lib/swift-5.0/$(PLATFORM_NAME)\"",
					"\"$(inherited)\"",
				);
				MTL_ENABLE_DEBUG_INFO = NO;
				SDKROOT = iphoneos;
				VALIDATE_PRODUCT = YES;
			};
			name = Release;
		};
/* End XCBuildConfiguration section */

/* Begin XCConfigurationList section */
		00E357021AD99517003FC87E /* Build configuration list for PBXNativeTarget "royal_cloud_33498Tests" */ = {
			isa = XCConfigurationList;
			buildConfigurations = (
				00E356F61AD99517003FC87E /* Debug */,
				00E356F71AD99517003FC87E /* Release */,
			);
			defaultConfigurationIsVisible = 0;
			defaultConfigurationName = Release;
		};
		13B07F931A680F5B00A75B9A /* Build configuration list for PBXNativeTarget "royal_cloud_33498" */ = {
			isa = XCConfigurationList;
			buildConfigurations = (
				13B07F941A680F5B00A75B9A /* Debug */,
				13B07F951A680F5B00A75B9A /* Release */,
			);
			defaultConfigurationIsVisible = 0;
			defaultConfigurationName = Release;
		};
		83CBB9FA1A601CBA00E9B192 /* Build configuration list for PBXProject "royal_cloud_33498" */ = {
			isa = XCConfigurationList;
			buildConfigurations = (
				83CBBA201A601CBA00E9B192 /* Debug */,
				83CBBA211A601CBA00E9B192 /* Release */,
			);
			defaultConfigurationIsVisible = 0;
			defaultConfigurationName = Release;
		};
/* End XCConfigurationList section */
	};
	rootObject = 83CBB9F71A601CBA00E9B192 /* Project object */;
}
